
Microsoft Visual Studio Solution File, Format Version 12.00
# Visual Studio 15
VisualStudioVersion = 15.0.28010.2036
MinimumVisualStudioVersion = 10.0.40219.1
Project("{FAE04EC0-301F-11D3-BF4B-00C04F79EFBC}") = "CatsClassification", "CatsClassification\CatsClassification.csproj", "{97AE4826-879D-4288-8A8C-1B29C4B06BA0}"
EndProject
Project("{FAE04EC0-301F-11D3-BF4B-00C04F79EFBC}") = "CatsClassification.Training", "CatsClassification.Training\CatsClassification.Training.csproj", "{9A1C9037-9345-4E4C-9D4F-AC15E1AFE821}"
EndProject
Global
	GlobalSection(SolutionConfigurationPlatforms) = preSolution
		Debug|Any CPU = Debug|Any CPU
		Debug|x64 = Debug|x64
		Debug|x86 = Debug|x86
		Release|Any CPU = Release|Any CPU
		Release|x64 = Release|x64
		Release|x86 = Release|x86
	EndGlobalSection
	GlobalSection(ProjectConfigurationPlatforms) = postSolution
		{97AE4826-879D-4288-8A8C-1B29C4B06BA0}.Debug|Any CPU.ActiveCfg = Debug|Any CPU
		{97AE4826-879D-4288-8A8C-1B29C4B06BA0}.Debug|Any CPU.Build.0 = Debug|Any CPU
		{97AE4826-879D-4288-8A8C-1B29C4B06BA0}.Debug|x64.ActiveCfg = Debug|x64
		{97AE4826-879D-4288-8A8C-1B29C4B06BA0}.Debug|x64.Build.0 = Debug|x64
		{97AE4826-879D-4288-8A8C-1B29C4B06BA0}.Debug|x86.ActiveCfg = Debug|x86
		{97AE4826-879D-4288-8A8C-1B29C4B06BA0}.Debug|x86.Build.0 = Debug|x86
		{97AE4826-879D-4288-8A8C-1B29C4B06BA0}.Release|Any CPU.ActiveCfg = Release|Any CPU
		{97AE4826-879D-4288-8A8C-1B29C4B06BA0}.Release|Any CPU.Build.0 = Release|Any CPU
		{97AE4826-879D-4288-8A8C-1B29C4B06BA0}.Release|x64.ActiveCfg = Release|x64
		{97AE4826-879D-4288-8A8C-1B29C4B06BA0}.Release|x64.Build.0 = Release|x64
		{97AE4826-879D-4288-8A8C-1B29C4B06BA0}.Release|x86.ActiveCfg = Release|x86
		{97AE4826-879D-4288-8A8C-1B29C4B06BA0}.Release|x86.Build.0 = Release|x86
		{9A1C9037-9345-4E4C-9D4F-AC15E1AFE821}.Debug|Any CPU.ActiveCfg = Debug|Any CPU
		{9A1C9037-9345-4E4C-9D4F-AC15E1AFE821}.Debug|Any CPU.Build.0 = Debug|Any CPU
		{9A1C9037-9345-4E4C-9D4F-AC15E1AFE821}.Debug|x64.ActiveCfg = Debug|x64
		{9A1C9037-9345-4E4C-9D4F-AC15E1AFE821}.Debug|x64.Build.0 = Debug|x64
		{9A1C9037-9345-4E4C-9D4F-AC15E1AFE821}.Debug|x86.ActiveCfg = Debug|x86
		{9A1C9037-9345-4E4C-9D4F-AC15E1AFE821}.Debug|x86.Build.0 = Debug|x86
		{9A1C9037-9345-4E4C-9D4F-AC15E1AFE821}.Release|Any CPU.ActiveCfg = Release|Any CPU
		{9A1C9037-9345-4E4C-9D4F-AC15E1AFE821}.Release|Any CPU.Build.0 = Release|Any CPU
		{9A1C9037-9345-4E4C-9D4F-AC15E1AFE821}.Release|x64.ActiveCfg = Release|x64
		{9A1C9037-9345-4E4C-9D4F-AC15E1AFE821}.Release|x64.Build.0 = Release|x64
		{9A1C9037-9345-4E4C-9D4F-AC15E1AFE821}.Release|x86.ActiveCfg = Release|x86
		{9A1C9037-9345-4E4C-9D4F-AC15E1AFE821}.Release|x86.Build.0 = Release|x86
	EndGlobalSection
	GlobalSection(SolutionProperties) = preSolution
		HideSolutionNode = FALSE
	EndGlobalSection
	GlobalSection(ExtensibilityGlobals) = postSolution
		SolutionGuid = {CB2A407A-B333-443E-8F2F-268E8602D9D5}
	EndGlobalSection
EndGlobal
